
Microsoft Visual Studio Solution File, Format Version 12.00

Project("{2150E333-8FDC-42A3-9474-1A3956D46DE8}") = "src", "src", "{7330405D-5D63-43BE-BB8B-1B6D4094E219}"
EndProject
Project("{2150E333-8FDC-42A3-9474-1A3956D46DE8}") = "test", "test", "{48CDA0C4-8EDB-416C-BEAB-9D206DAFAA7B}"
EndProject
Project("{FAE04EC0-301F-11D3-BF4B-00C04F79EFBC}") = "Nano.Bech32", "src\Nano.Bech32\Nano.Bech32.csproj", "{A44353DC-FC9A-4E67-9FC2-750C3FAE2DC1}"
EndProject
Project("{FAE04EC0-301F-11D3-BF4B-00C04F79EFBC}") = "Nano.Bech32.UnitTests", "test\Nano.Bech32.UnitTests\Nano.Bech32.UnitTests.csproj", "{D6489999-3E60-4DA5-B301-315ABCC6A5FD}"
EndProject
Project("{2150E333-8FDC-42A3-9474-1A3956D46DE8}") = "solution", "solution", "{EFC4A894-13C2-4538-986F-CFB8471F975B}"
	ProjectSection(SolutionItems) = preProject
		README.md = README.md
	EndProjectSection
EndProject
Global
	GlobalSection(SolutionConfigurationPlatforms) = preSolution
		Debug|Any CPU = Debug|Any CPU
		Release|Any CPU = Release|Any CPU
	EndGlobalSection
	GlobalSection(NestedProjects) = preSolution
		{A44353DC-FC9A-4E67-9FC2-750C3FAE2DC1} = {7330405D-5D63-43BE-BB8B-1B6D4094E219}
		{D6489999-3E60-4DA5-B301-315ABCC6A5FD} = {48CDA0C4-8EDB-416C-BEAB-9D206DAFAA7B}
	EndGlobalSection
	GlobalSection(ProjectConfigurationPlatforms) = postSolution
		{A44353DC-FC9A-4E67-9FC2-750C3FAE2DC1}.Debug|Any CPU.ActiveCfg = Debug|Any CPU
		{A44353DC-FC9A-4E67-9FC2-750C3FAE2DC1}.Debug|Any CPU.Build.0 = Debug|Any CPU
		{A44353DC-FC9A-4E67-9FC2-750C3FAE2DC1}.Release|Any CPU.ActiveCfg = Release|Any CPU
		{A44353DC-FC9A-4E67-9FC2-750C3FAE2DC1}.Release|Any CPU.Build.0 = Release|Any CPU
		{D6489999-3E60-4DA5-B301-315ABCC6A5FD}.Debug|Any CPU.ActiveCfg = Debug|Any CPU
		{D6489999-3E60-4DA5-B301-315ABCC6A5FD}.Debug|Any CPU.Build.0 = Debug|Any CPU
		{D6489999-3E60-4DA5-B301-315ABCC6A5FD}.Release|Any CPU.ActiveCfg = Release|Any CPU
		{D6489999-3E60-4DA5-B301-315ABCC6A5FD}.Release|Any CPU.Build.0 = Release|Any CPU
	EndGlobalSection
EndGlobal
